
Microsoft Visual Studio Solution File, Format Version 12.00
# Visual Studio Version 17
VisualStudioVersion = 17.5.33627.172
MinimumVisualStudioVersion = 10.0.40219.1
Project("{9A19103F-16F7-4668-BE54-9A1E7A4F7556}") = "WebLogger", "source\WebLogger\WebLogger.csproj", "{C55C9870-5C71-4928-87D9-56A476B339B7}"
EndProject
Project("{FAE04EC0-301F-11D3-BF4B-00C04F79EFBC}") = "WebLogger.Crestron", "source\WebLogger.Crestron\WebLogger.Crestron.csproj", "{30686F8E-CB48-4B5F-B6D1-F36ACA553930}"
EndProject
Project("{FAE04EC0-301F-11D3-BF4B-00C04F79EFBC}") = "WebLogger.CrestronApp", "examples\WebLogger.CrestronApp\WebLogger.CrestronApp.csproj", "{9BBF2F7E-53D0-4395-AFC9-73DEA57FCC14}"
EndProject
Project("{9A19103F-16F7-4668-BE54-9A1E7A4F7556}") = "WebLogger.ConsoleApp", "examples\WebLogger.ConsoleApp\WebLogger.ConsoleApp.csproj", "{510BD36C-8ADB-4E15-8757-AECDA6F50A92}"
EndProject
Project("{2150E333-8FDC-42A3-9474-1A3956D46DE8}") = "Solution Items", "Solution Items", "{7451F827-4A16-4E7E-9E5F-4813936FE4B4}"
	ProjectSection(SolutionItems) = preProject
		README.md = README.md
	EndProjectSection
EndProject
Project("{2150E333-8FDC-42A3-9474-1A3956D46DE8}") = "Examples", "Examples", "{C98044B7-EF2C-4879-B5A7-848A27305B94}"
EndProject
Project("{2150E333-8FDC-42A3-9474-1A3956D46DE8}") = "Source", "Source", "{201CA3F6-C39C-492A-8FB4-E06810AC90F9}"
EndProject
Project("{2150E333-8FDC-42A3-9474-1A3956D46DE8}") = "Tests", "Tests", "{73F39E85-6280-49D8-99D6-130999D0EADA}"
EndProject
Project("{9A19103F-16F7-4668-BE54-9A1E7A4F7556}") = "WebLogger_UnitTests", "tests\WebLogger_UnitTests\WebLogger_UnitTests.csproj", "{B3044627-698D-4E76-81CA-34EFE79C3927}"
EndProject
Project("{9A19103F-16F7-4668-BE54-9A1E7A4F7556}") = "WebLogger.Serilog", "source\WebLogger.Serilog\WebLogger.Serilog.csproj", "{8719CA40-5DE3-40D7-94DD-CDC452056850}"
EndProject
Project("{9A19103F-16F7-4668-BE54-9A1E7A4F7556}") = "WebLogger.Generators", "source\WebLogger.Generators\WebLogger.Generators.csproj", "{102E0DD8-91A8-440E-B76F-104D022D0C1A}"
EndProject
Global
	GlobalSection(SolutionConfigurationPlatforms) = preSolution
		Debug|Any CPU = Debug|Any CPU
		Release|Any CPU = Release|Any CPU
	EndGlobalSection
	GlobalSection(ProjectConfigurationPlatforms) = postSolution
		{C55C9870-5C71-4928-87D9-56A476B339B7}.Debug|Any CPU.ActiveCfg = Debug|Any CPU
		{C55C9870-5C71-4928-87D9-56A476B339B7}.Debug|Any CPU.Build.0 = Debug|Any CPU
		{C55C9870-5C71-4928-87D9-56A476B339B7}.Release|Any CPU.ActiveCfg = Release|Any CPU
		{C55C9870-5C71-4928-87D9-56A476B339B7}.Release|Any CPU.Build.0 = Release|Any CPU
		{30686F8E-CB48-4B5F-B6D1-F36ACA553930}.Debug|Any CPU.ActiveCfg = Debug|Any CPU
		{30686F8E-CB48-4B5F-B6D1-F36ACA553930}.Debug|Any CPU.Build.0 = Debug|Any CPU
		{30686F8E-CB48-4B5F-B6D1-F36ACA553930}.Release|Any CPU.ActiveCfg = Release|Any CPU
		{30686F8E-CB48-4B5F-B6D1-F36ACA553930}.Release|Any CPU.Build.0 = Release|Any CPU
		{9BBF2F7E-53D0-4395-AFC9-73DEA57FCC14}.Debug|Any CPU.ActiveCfg = Debug|Any CPU
		{9BBF2F7E-53D0-4395-AFC9-73DEA57FCC14}.Debug|Any CPU.Build.0 = Debug|Any CPU
		{9BBF2F7E-53D0-4395-AFC9-73DEA57FCC14}.Release|Any CPU.ActiveCfg = Release|Any CPU
		{9BBF2F7E-53D0-4395-AFC9-73DEA57FCC14}.Release|Any CPU.Build.0 = Release|Any CPU
		{510BD36C-8ADB-4E15-8757-AECDA6F50A92}.Debug|Any CPU.ActiveCfg = Debug|Any CPU
		{510BD36C-8ADB-4E15-8757-AECDA6F50A92}.Debug|Any CPU.Build.0 = Debug|Any CPU
		{510BD36C-8ADB-4E15-8757-AECDA6F50A92}.Release|Any CPU.ActiveCfg = Release|Any CPU
		{510BD36C-8ADB-4E15-8757-AECDA6F50A92}.Release|Any CPU.Build.0 = Release|Any CPU
		{B3044627-698D-4E76-81CA-34EFE79C3927}.Debug|Any CPU.ActiveCfg = Debug|Any CPU
		{B3044627-698D-4E76-81CA-34EFE79C3927}.Debug|Any CPU.Build.0 = Debug|Any CPU
		{B3044627-698D-4E76-81CA-34EFE79C3927}.Release|Any CPU.ActiveCfg = Release|Any CPU
		{B3044627-698D-4E76-81CA-34EFE79C3927}.Release|Any CPU.Build.0 = Release|Any CPU
		{8719CA40-5DE3-40D7-94DD-CDC452056850}.Debug|Any CPU.ActiveCfg = Debug|Any CPU
		{8719CA40-5DE3-40D7-94DD-CDC452056850}.Debug|Any CPU.Build.0 = Debug|Any CPU
		{8719CA40-5DE3-40D7-94DD-CDC452056850}.Release|Any CPU.ActiveCfg = Release|Any CPU
		{8719CA40-5DE3-40D7-94DD-CDC452056850}.Release|Any CPU.Build.0 = Release|Any CPU
		{102E0DD8-91A8-440E-B76F-104D022D0C1A}.Debug|Any CPU.ActiveCfg = Debug|Any CPU
		{102E0DD8-91A8-440E-B76F-104D022D0C1A}.Debug|Any CPU.Build.0 = Debug|Any CPU
		{102E0DD8-91A8-440E-B76F-104D022D0C1A}.Release|Any CPU.ActiveCfg = Release|Any CPU
		{102E0DD8-91A8-440E-B76F-104D022D0C1A}.Release|Any CPU.Build.0 = Release|Any CPU
	EndGlobalSection
	GlobalSection(SolutionProperties) = preSolution
		HideSolutionNode = FALSE
	EndGlobalSection
	GlobalSection(NestedProjects) = preSolution
		{C55C9870-5C71-4928-87D9-56A476B339B7} = {201CA3F6-C39C-492A-8FB4-E06810AC90F9}
		{30686F8E-CB48-4B5F-B6D1-F36ACA553930} = {201CA3F6-C39C-492A-8FB4-E06810AC90F9}
		{9BBF2F7E-53D0-4395-AFC9-73DEA57FCC14} = {C98044B7-EF2C-4879-B5A7-848A27305B94}
		{510BD36C-8ADB-4E15-8757-AECDA6F50A92} = {C98044B7-EF2C-4879-B5A7-848A27305B94}
		{B3044627-698D-4E76-81CA-34EFE79C3927} = {73F39E85-6280-49D8-99D6-130999D0EADA}
		{8719CA40-5DE3-40D7-94DD-CDC452056850} = {201CA3F6-C39C-492A-8FB4-E06810AC90F9}
		{102E0DD8-91A8-440E-B76F-104D022D0C1A} = {201CA3F6-C39C-492A-8FB4-E06810AC90F9}
	EndGlobalSection
	GlobalSection(ExtensibilityGlobals) = postSolution
		SolutionGuid = {9AE64309-38A1-4A68-AE5C-A52ECEB996D7}
	EndGlobalSection
EndGlobal
